
Microsoft Visual Studio Solution File, Format Version 12.00
# Visual Studio Version 16
VisualStudioVersion = 16.0.31727.386
MinimumVisualStudioVersion = 10.0.40219.1
Project("{FAE04EC0-301F-11D3-BF4B-00C04F79EFBC}") = "Bytewizer.TinyCLR.Notecard", "Bytewizer.TinyCLR.Notecard\Bytewizer.TinyCLR.Notecard.csproj", "{50BF05CC-88D3-44F2-9C7B-A136B8296142}"
EndProject
Global
	GlobalSection(SolutionConfigurationPlatforms) = preSolution
		Debug|Any CPU = Debug|Any CPU
		Release|Any CPU = Release|Any CPU
	EndGlobalSection
	GlobalSection(ProjectConfigurationPlatforms) = postSolution
		{50BF05CC-88D3-44F2-9C7B-A136B8296142}.Debug|Any CPU.ActiveCfg = Debug|Any CPU
		{50BF05CC-88D3-44F2-9C7B-A136B8296142}.Debug|Any CPU.Build.0 = Debug|Any CPU
		{50BF05CC-88D3-44F2-9C7B-A136B8296142}.Debug|Any CPU.Deploy.0 = Debug|Any CPU
		{50BF05CC-88D3-44F2-9C7B-A136B8296142}.Release|Any CPU.ActiveCfg = Release|Any CPU
		{50BF05CC-88D3-44F2-9C7B-A136B8296142}.Release|Any CPU.Build.0 = Release|Any CPU
		{50BF05CC-88D3-44F2-9C7B-A136B8296142}.Release|Any CPU.Deploy.0 = Release|Any CPU
	EndGlobalSection
	GlobalSection(SolutionProperties) = preSolution
		HideSolutionNode = FALSE
	EndGlobalSection
	GlobalSection(ExtensibilityGlobals) = postSolution
		SolutionGuid = {A0B28467-4DEF-437E-A12C-3446F4912D93}
	EndGlobalSection
EndGlobal
